<?xml version="1.0" encoding="utf-8"?>
<Project ToolsVersion="4.0" xmlns="http://schemas.microsoft.com/developer/msbuild/2003">
  <ItemGroup>
    <Filter Include="Source Files">
      <UniqueIdentifier>{4FC737F1-C7A5-4376-A066-2A32D752A2FF}</UniqueIdentifier>
      <Extensions>cpp;c;cc;cxx;def;odl;idl;hpj;bat;asm;asmx</Extensions>
    </Filter>
    <Filter Include="Header Files">
      <UniqueIdentifier>{93995380-89BD-4b04-88EB-625FBE52EBFB}</UniqueIdentifier>
      <Extensions>h;hh;hpp;hxx;hm;inl;inc;xsd</Extensions>
    </Filter>
    <Filter Include="Resource Files">
      <UniqueIdentifier>{67DA6AB6-F800-4c08-8B7A-83BB121AAD01}</UniqueIdentifier>
      <Extensions>rc;ico;cur;bmp;dlg;rc2;rct;bin;rgs;gif;jpg;jpeg;jpe;resx;tiff;tif;png;wav;mfcribbon-ms</Extensions>
    </Filter>
    <Filter Include="Header Files\Main">
      <UniqueIdentifier>{f6d8483b-e3ed-40a6-9ac0-9455f7e47298}</UniqueIdentifier>
    </Filter>
    <Filter Include="Header Files\Steam">
      <UniqueIdentifier>{97af6fad-3546-4173-8cb2-fdf9e84aec4f}</UniqueIdentifier>
    </Filter>
    <Filter Include="Source Files\Main">
      <UniqueIdentifier>{fae15f9f-2ab9-420a-ae42-2f9fc612f2c3}</UniqueIdentifier>
    </Filter>
    <Filter Include="Source Files\Steam">
      <UniqueIdentifier>{33c92291-7c5e-4fc0-ae47-72ee9aabf9c3}</UniqueIdentifier>
    </Filter>
    <Filter Include="Source Files\Others">
      <UniqueIdentifier>{cb841004-76fd-4d2b-929a-4eae68d8594c}</UniqueIdentifier>
    </Filter>
    <Filter Include="Source Files\Patches">
      <UniqueIdentifier>{02a68edd-dcf3-4145-81c2-e9db3c49343f}</UniqueIdentifier>
    </Filter>
    <Filter Include="Header Files\Patches">
      <UniqueIdentifier>{bf55308f-e56d-49aa-ad6b-59065ffa5736}</UniqueIdentifier>
    </Filter>
  </ItemGroup>
  <ItemGroup>
    <ClInclude Include="stdafx.h">
      <Filter>Header Files\Main</Filter>
    </ClInclude>
    <ClInclude Include="SteamFriends013.h">
      <Filter>Header Files\Steam</Filter>
    </ClInclude>
    <ClInclude Include="SteamMatchmaking009.h">
      <Filter>Header Files\Steam</Filter>
    </ClInclude>
    <ClInclude Include="SteamUser016.h">
      <Filter>Header Files\Steam</Filter>
    </ClInclude>
    <ClInclude Include="SteamMatchmakingServers002.h">
      <Filter>Header Files\Steam</Filter>
    </ClInclude>
    <ClInclude Include="SteamNetworking005.h">
      <Filter>Header Files\Steam</Filter>
    </ClInclude>
    <ClInclude Include="GamePatches.h">
      <Filter>Header Files\Patches</Filter>
    </ClInclude>
  </ItemGroup>
  <ItemGroup>
    <ClCompile Include="SteamAPI.cpp">
      <Filter>Source Files\Steam</Filter>
    </ClCompile>
    <ClCompile Include="Logger.cpp">
      <Filter>Source Files\Others</Filter>
    </ClCompile>
    <ClCompile Include="GamePatches.cpp">
      <Filter>Source Files\Patches</Filter>
    </ClCompile>
    <ClCompile Include="DllMain.cpp">
      <Filter>Source Files\Main</Filter>
    </ClCompile>
  </ItemGroup>
</Project>